
Microsoft Visual Studio Solution File, Format Version 12.00
Project("{2150E333-8FDC-42A3-9474-1A3956D46DE8}") = "Ui", "Ui", "{3FEBD2A5-3842-4682-A0AE-ADCAF2F7003C}"
EndProject
Project("{FAE04EC0-301F-11D3-BF4B-00C04F79EFBC}") = "Ui.ConsoleApp", "Ui\Ui.ConsoleApp\Ui.ConsoleApp.csproj", "{F51A4097-044E-4ABF-96A0-528999F172B7}"
EndProject
Global
	GlobalSection(SolutionConfigurationPlatforms) = preSolution
		Debug|Any CPU = Debug|Any CPU
		Release|Any CPU = Release|Any CPU
	EndGlobalSection
	GlobalSection(ProjectConfigurationPlatforms) = postSolution
		{F51A4097-044E-4ABF-96A0-528999F172B7}.Debug|Any CPU.ActiveCfg = Debug|Any CPU
		{F51A4097-044E-4ABF-96A0-528999F172B7}.Debug|Any CPU.Build.0 = Debug|Any CPU
		{F51A4097-044E-4ABF-96A0-528999F172B7}.Release|Any CPU.ActiveCfg = Release|Any CPU
		{F51A4097-044E-4ABF-96A0-528999F172B7}.Release|Any CPU.Build.0 = Release|Any CPU
	EndGlobalSection
	GlobalSection(NestedProjects) = preSolution
		{F51A4097-044E-4ABF-96A0-528999F172B7} = {3FEBD2A5-3842-4682-A0AE-ADCAF2F7003C}
	EndGlobalSection
EndGlobal
